
Microsoft Visual Studio Solution File, Format Version 12.00
# Visual Studio 15
VisualStudioVersion = 15.0.28307.705
MinimumVisualStudioVersion = 10.0.40219.1
Project("{9A19103F-16F7-4668-BE54-9A1E7A4F7556}") = "EscolaBiblica.API", "EscolaBiblica.API\EscolaBiblica.API.csproj", "{D2848CCA-7230-4B83-847F-DFDB93D9516B}"
EndProject
Project("{FAE04EC0-301F-11D3-BF4B-00C04F79EFBC}") = "EscolaBiblica.Droid", "EscolaBiblica.Droid\EscolaBiblica.Droid.csproj", "{07A1ABC1-30CE-4822-8A67-03EA1DD8E6E2}"
EndProject
Project("{FAE04EC0-301F-11D3-BF4B-00C04F79EFBC}") = "EscolaBiblica.iOS", "EscolaBiblica.iOS\EscolaBiblica.iOS.csproj", "{80A96B52-6758-4BDB-B0B4-CEA4CA155C60}"
EndProject
Project("{2150E333-8FDC-42A3-9474-1A3956D46DE8}") = "Tools", "Tools", "{92C31A76-3E77-4000-A700-BF45FCF83A0D}"
EndProject
Project("{FAE04EC0-301F-11D3-BF4B-00C04F79EFBC}") = "MigrationTool", "MigrationTool\MigrationTool.csproj", "{80926978-A10B-410C-ADC0-DD25020458D8}"
EndProject
Project("{FAE04EC0-301F-11D3-BF4B-00C04F79EFBC}") = "EscolaBiblica.App.Biblioteca", "EscolaBiblica.App.Biblioteca\EscolaBiblica.App.Biblioteca.csproj", "{04C45C54-444F-4075-99F5-AF3AC9FA9746}"
EndProject
Global
	GlobalSection(SolutionConfigurationPlatforms) = preSolution
		Debug|Any CPU = Debug|Any CPU
		Debug|iPhone = Debug|iPhone
		Debug|iPhoneSimulator = Debug|iPhoneSimulator
		Release|Any CPU = Release|Any CPU
		Release|iPhone = Release|iPhone
		Release|iPhoneSimulator = Release|iPhoneSimulator
	EndGlobalSection
	GlobalSection(ProjectConfigurationPlatforms) = postSolution
		{D2848CCA-7230-4B83-847F-DFDB93D9516B}.Debug|Any CPU.ActiveCfg = Debug|Any CPU
		{D2848CCA-7230-4B83-847F-DFDB93D9516B}.Debug|Any CPU.Build.0 = Debug|Any CPU
		{D2848CCA-7230-4B83-847F-DFDB93D9516B}.Debug|iPhone.ActiveCfg = Debug|Any CPU
		{D2848CCA-7230-4B83-847F-DFDB93D9516B}.Debug|iPhone.Build.0 = Debug|Any CPU
		{D2848CCA-7230-4B83-847F-DFDB93D9516B}.Debug|iPhoneSimulator.ActiveCfg = Debug|Any CPU
		{D2848CCA-7230-4B83-847F-DFDB93D9516B}.Debug|iPhoneSimulator.Build.0 = Debug|Any CPU
		{D2848CCA-7230-4B83-847F-DFDB93D9516B}.Release|Any CPU.ActiveCfg = Release|Any CPU
		{D2848CCA-7230-4B83-847F-DFDB93D9516B}.Release|Any CPU.Build.0 = Release|Any CPU
		{D2848CCA-7230-4B83-847F-DFDB93D9516B}.Release|iPhone.ActiveCfg = Release|Any CPU
		{D2848CCA-7230-4B83-847F-DFDB93D9516B}.Release|iPhone.Build.0 = Release|Any CPU
		{D2848CCA-7230-4B83-847F-DFDB93D9516B}.Release|iPhoneSimulator.ActiveCfg = Release|Any CPU
		{D2848CCA-7230-4B83-847F-DFDB93D9516B}.Release|iPhoneSimulator.Build.0 = Release|Any CPU
		{07A1ABC1-30CE-4822-8A67-03EA1DD8E6E2}.Debug|Any CPU.ActiveCfg = Debug|Any CPU
		{07A1ABC1-30CE-4822-8A67-03EA1DD8E6E2}.Debug|Any CPU.Build.0 = Debug|Any CPU
		{07A1ABC1-30CE-4822-8A67-03EA1DD8E6E2}.Debug|Any CPU.Deploy.0 = Debug|Any CPU
		{07A1ABC1-30CE-4822-8A67-03EA1DD8E6E2}.Debug|iPhone.ActiveCfg = Debug|Any CPU
		{07A1ABC1-30CE-4822-8A67-03EA1DD8E6E2}.Debug|iPhone.Build.0 = Debug|Any CPU
		{07A1ABC1-30CE-4822-8A67-03EA1DD8E6E2}.Debug|iPhone.Deploy.0 = Debug|Any CPU
		{07A1ABC1-30CE-4822-8A67-03EA1DD8E6E2}.Debug|iPhoneSimulator.ActiveCfg = Debug|Any CPU
		{07A1ABC1-30CE-4822-8A67-03EA1DD8E6E2}.Debug|iPhoneSimulator.Build.0 = Debug|Any CPU
		{07A1ABC1-30CE-4822-8A67-03EA1DD8E6E2}.Debug|iPhoneSimulator.Deploy.0 = Debug|Any CPU
		{07A1ABC1-30CE-4822-8A67-03EA1DD8E6E2}.Release|Any CPU.ActiveCfg = Release|Any CPU
		{07A1ABC1-30CE-4822-8A67-03EA1DD8E6E2}.Release|Any CPU.Build.0 = Release|Any CPU
		{07A1ABC1-30CE-4822-8A67-03EA1DD8E6E2}.Release|Any CPU.Deploy.0 = Release|Any CPU
		{07A1ABC1-30CE-4822-8A67-03EA1DD8E6E2}.Release|iPhone.ActiveCfg = Release|Any CPU
		{07A1ABC1-30CE-4822-8A67-03EA1DD8E6E2}.Release|iPhone.Build.0 = Release|Any CPU
		{07A1ABC1-30CE-4822-8A67-03EA1DD8E6E2}.Release|iPhone.Deploy.0 = Release|Any CPU
		{07A1ABC1-30CE-4822-8A67-03EA1DD8E6E2}.Release|iPhoneSimulator.ActiveCfg = Release|Any CPU
		{07A1ABC1-30CE-4822-8A67-03EA1DD8E6E2}.Release|iPhoneSimulator.Build.0 = Release|Any CPU
		{07A1ABC1-30CE-4822-8A67-03EA1DD8E6E2}.Release|iPhoneSimulator.Deploy.0 = Release|Any CPU
		{80A96B52-6758-4BDB-B0B4-CEA4CA155C60}.Debug|Any CPU.ActiveCfg = Debug|iPhone
		{80A96B52-6758-4BDB-B0B4-CEA4CA155C60}.Debug|iPhone.ActiveCfg = Debug|iPhone
		{80A96B52-6758-4BDB-B0B4-CEA4CA155C60}.Debug|iPhone.Build.0 = Debug|iPhone
		{80A96B52-6758-4BDB-B0B4-CEA4CA155C60}.Debug|iPhoneSimulator.ActiveCfg = Debug|iPhoneSimulator
		{80A96B52-6758-4BDB-B0B4-CEA4CA155C60}.Debug|iPhoneSimulator.Build.0 = Debug|iPhoneSimulator
		{80A96B52-6758-4BDB-B0B4-CEA4CA155C60}.Release|Any CPU.ActiveCfg = Release|iPhone
		{80A96B52-6758-4BDB-B0B4-CEA4CA155C60}.Release|iPhone.ActiveCfg = Release|iPhone
		{80A96B52-6758-4BDB-B0B4-CEA4CA155C60}.Release|iPhone.Build.0 = Release|iPhone
		{80A96B52-6758-4BDB-B0B4-CEA4CA155C60}.Release|iPhoneSimulator.ActiveCfg = Release|iPhoneSimulator
		{80A96B52-6758-4BDB-B0B4-CEA4CA155C60}.Release|iPhoneSimulator.Build.0 = Release|iPhoneSimulator
		{80926978-A10B-410C-ADC0-DD25020458D8}.Debug|Any CPU.ActiveCfg = Debug|Any CPU
		{80926978-A10B-410C-ADC0-DD25020458D8}.Debug|Any CPU.Build.0 = Debug|Any CPU
		{80926978-A10B-410C-ADC0-DD25020458D8}.Debug|iPhone.ActiveCfg = Debug|Any CPU
		{80926978-A10B-410C-ADC0-DD25020458D8}.Debug|iPhone.Build.0 = Debug|Any CPU
		{80926978-A10B-410C-ADC0-DD25020458D8}.Debug|iPhoneSimulator.ActiveCfg = Debug|Any CPU
		{80926978-A10B-410C-ADC0-DD25020458D8}.Debug|iPhoneSimulator.Build.0 = Debug|Any CPU
		{80926978-A10B-410C-ADC0-DD25020458D8}.Release|Any CPU.ActiveCfg = Release|Any CPU
		{80926978-A10B-410C-ADC0-DD25020458D8}.Release|Any CPU.Build.0 = Release|Any CPU
		{80926978-A10B-410C-ADC0-DD25020458D8}.Release|iPhone.ActiveCfg = Release|Any CPU
		{80926978-A10B-410C-ADC0-DD25020458D8}.Release|iPhone.Build.0 = Release|Any CPU
		{80926978-A10B-410C-ADC0-DD25020458D8}.Release|iPhoneSimulator.ActiveCfg = Release|Any CPU
		{80926978-A10B-410C-ADC0-DD25020458D8}.Release|iPhoneSimulator.Build.0 = Release|Any CPU
		{04C45C54-444F-4075-99F5-AF3AC9FA9746}.Debug|Any CPU.ActiveCfg = Debug|Any CPU
		{04C45C54-444F-4075-99F5-AF3AC9FA9746}.Debug|Any CPU.Build.0 = Debug|Any CPU
		{04C45C54-444F-4075-99F5-AF3AC9FA9746}.Debug|iPhone.ActiveCfg = Debug|Any CPU
		{04C45C54-444F-4075-99F5-AF3AC9FA9746}.Debug|iPhone.Build.0 = Debug|Any CPU
		{04C45C54-444F-4075-99F5-AF3AC9FA9746}.Debug|iPhoneSimulator.ActiveCfg = Debug|Any CPU
		{04C45C54-444F-4075-99F5-AF3AC9FA9746}.Debug|iPhoneSimulator.Build.0 = Debug|Any CPU
		{04C45C54-444F-4075-99F5-AF3AC9FA9746}.Release|Any CPU.ActiveCfg = Release|Any CPU
		{04C45C54-444F-4075-99F5-AF3AC9FA9746}.Release|Any CPU.Build.0 = Release|Any CPU
		{04C45C54-444F-4075-99F5-AF3AC9FA9746}.Release|iPhone.ActiveCfg = Release|Any CPU
		{04C45C54-444F-4075-99F5-AF3AC9FA9746}.Release|iPhone.Build.0 = Release|Any CPU
		{04C45C54-444F-4075-99F5-AF3AC9FA9746}.Release|iPhoneSimulator.ActiveCfg = Release|Any CPU
		{04C45C54-444F-4075-99F5-AF3AC9FA9746}.Release|iPhoneSimulator.Build.0 = Release|Any CPU
	EndGlobalSection
	GlobalSection(SolutionProperties) = preSolution
		HideSolutionNode = FALSE
	EndGlobalSection
	GlobalSection(NestedProjects) = preSolution
		{80926978-A10B-410C-ADC0-DD25020458D8} = {92C31A76-3E77-4000-A700-BF45FCF83A0D}
	EndGlobalSection
	GlobalSection(ExtensibilityGlobals) = postSolution
		SolutionGuid = {DF4F9571-774B-4AAE-B5EE-9735CC6A6155}
	EndGlobalSection
EndGlobal
